<Solution>
  <Folder Name="/src/">
    <Project Path="src/PoeAlarm.Core/PoeAlarm.Core.csproj" />
    <Project Path="src/PoeAlarm.App/PoeAlarm.App.csproj" />
  </Folder>
  <Folder Name="/tests/">
    <Project Path="tests/PoeAlarm.Core.Tests/PoeAlarm.Core.Tests.csproj" />
    <Project Path="tests/PoeAlarm.MirrorCorpusProbe/PoeAlarm.MirrorCorpusProbe.csproj" />
    <Project Path="tests/PoeAlarm.Poe2CorpusProbe/PoeAlarm.Poe2CorpusProbe.csproj" />
    <Project Path="tests/PoeAlarm.Rules.Tests/PoeAlarm.Rules.Tests.csproj" />
    <Project Path="tests/PoeAlarm.RulesUi.Tests/PoeAlarm.RulesUi.Tests.csproj" />
  </Folder>
  <Folder Name="/tools/">
    <Project Path="tools/PoeAlarm.EndToEndProbe/PoeAlarm.EndToEndProbe.csproj" />
    <Project Path="tools/PoeAlarm.OcrProbe/PoeAlarm.OcrProbe.csproj" />
    <Project Path="tools/PoeAlarm.RecognizerProbe/PoeAlarm.RecognizerProbe.csproj" />
    <Project Path="tools/PoeAlarm.TransientReplay/PoeAlarm.TransientReplay.csproj" />
    <Project Path="tools/PoeAlarm.UiSnapshot/PoeAlarm.UiSnapshot.csproj" />
  </Folder>
</Solution>
